
Microsoft Visual Studio Solution File, Format Version 12.00
# Visual Studio Version 17
VisualStudioVersion = 17.14.36414.22
MinimumVisualStudioVersion = 10.0.40219.1
Project("{FAE04EC0-301F-11D3-BF4B-00C04F79EFBC}") = "Backend", "QLGPLX\Backend.csproj", "{EA252E0D-001E-46B8-AA5D-20413520ED69}"
EndProject
Project("{FAE04EC0-301F-11D3-BF4B-00C04F79EFBC}") = "UI", "..\UI\UI.csproj", "{18577A1C-393F-4406-8D1E-4172A6EE801E}"
EndProject
Global
	GlobalSection(SolutionConfigurationPlatforms) = preSolution
		Debug|Any CPU = Debug|Any CPU
		Release|Any CPU = Release|Any CPU
	EndGlobalSection
	GlobalSection(ProjectConfigurationPlatforms) = postSolution
		{EA252E0D-001E-46B8-AA5D-20413520ED69}.Debug|Any CPU.ActiveCfg = Debug|Any CPU
		{EA252E0D-001E-46B8-AA5D-20413520ED69}.Debug|Any CPU.Build.0 = Debug|Any CPU
		{EA252E0D-001E-46B8-AA5D-20413520ED69}.Release|Any CPU.ActiveCfg = Release|Any CPU
		{EA252E0D-001E-46B8-AA5D-20413520ED69}.Release|Any CPU.Build.0 = Release|Any CPU
		{18577A1C-393F-4406-8D1E-4172A6EE801E}.Debug|Any CPU.ActiveCfg = Debug|Any CPU
		{18577A1C-393F-4406-8D1E-4172A6EE801E}.Debug|Any CPU.Build.0 = Debug|Any CPU
		{18577A1C-393F-4406-8D1E-4172A6EE801E}.Release|Any CPU.ActiveCfg = Release|Any CPU
		{18577A1C-393F-4406-8D1E-4172A6EE801E}.Release|Any CPU.Build.0 = Release|Any CPU
	EndGlobalSection
	GlobalSection(SolutionProperties) = preSolution
		HideSolutionNode = FALSE
	EndGlobalSection
	GlobalSection(ExtensibilityGlobals) = postSolution
		SolutionGuid = {6943F69D-35D9-4A62-AAF1-8B2DD06678C4}
	EndGlobalSection
EndGlobal
